# This file is automatically @generated by Cargo.
# It is not intended for manual editing.
[[package]]
name = "cargo-snippet"
version = "0.5.1"
source = "registry+https://github.com/rust-lang/crates.io-index"
checksum = "b007ec2e310dba196fa8f16251091a17584e9b628537db6c362710e178492358"

[[package]]
name = "snippet"
version = "0.1.0"
dependencies = [
 "cargo-snippet",
]
